
Microsoft Visual Studio Solution File, Format Version 12.00
# Visual Studio Version 17
VisualStudioVersion = 17.8.34525.116
MinimumVisualStudioVersion = 10.0.40219.1
Project("{9A19103F-16F7-4668-BE54-9A1E7A4F7556}") = "GoogleAuth", "GoogleAuth\GoogleAuth.csproj", "{32700C68-DDF2-4D06-9583-77FDA2A6E0C6}"
EndProject
Project("{FAE04EC0-301F-11D3-BF4B-00C04F79EFBC}") = "Services", "Services\Services.csproj", "{496F642D-E423-47C3-AD6C-7BE3D99DFF8D}"
EndProject
Global
	GlobalSection(SolutionConfigurationPlatforms) = preSolution
		Debug|Any CPU = Debug|Any CPU
		Release|Any CPU = Release|Any CPU
	EndGlobalSection
	GlobalSection(ProjectConfigurationPlatforms) = postSolution
		{32700C68-DDF2-4D06-9583-77FDA2A6E0C6}.Debug|Any CPU.ActiveCfg = Debug|Any CPU
		{32700C68-DDF2-4D06-9583-77FDA2A6E0C6}.Debug|Any CPU.Build.0 = Debug|Any CPU
		{32700C68-DDF2-4D06-9583-77FDA2A6E0C6}.Release|Any CPU.ActiveCfg = Release|Any CPU
		{32700C68-DDF2-4D06-9583-77FDA2A6E0C6}.Release|Any CPU.Build.0 = Release|Any CPU
		{496F642D-E423-47C3-AD6C-7BE3D99DFF8D}.Debug|Any CPU.ActiveCfg = Debug|Any CPU
		{496F642D-E423-47C3-AD6C-7BE3D99DFF8D}.Debug|Any CPU.Build.0 = Debug|Any CPU
		{496F642D-E423-47C3-AD6C-7BE3D99DFF8D}.Release|Any CPU.ActiveCfg = Release|Any CPU
		{496F642D-E423-47C3-AD6C-7BE3D99DFF8D}.Release|Any CPU.Build.0 = Release|Any CPU
	EndGlobalSection
	GlobalSection(SolutionProperties) = preSolution
		HideSolutionNode = FALSE
	EndGlobalSection
	GlobalSection(ExtensibilityGlobals) = postSolution
		SolutionGuid = {31CFF486-F5D3-4048-A792-50F7705E39D6}
	EndGlobalSection
EndGlobal
